// !$*UTF8*$!
{
	archiveVersion = 1;
	classes = {
	};
	objectVersion = 51;
	objects = {

/* Begin PBXBuildFile section */
		35DF064258120E8286B983D8 /* Pods_SwipeMatchFirestoreLBTA.framework in Frameworks */ = {isa = PBXBuildFile; fileRef = BE14D167795933E7DD15ADDD /* Pods_SwipeMatchFirestoreLBTA.framework */; };
		D6578418254242C2005B0780 /* UserDetailsController.swift in Sources */ = {isa = PBXBuildFile; fileRef = D6578417254242C2005B0780 /* UserDetailsController.swift */; };
		D657841C2543A04A005B0780 /* SwipingPhototsController.swift in Sources */ = {isa = PBXBuildFile; fileRef = D657841B2543A04A005B0780 /* SwipingPhototsController.swift */; };
		D657841F2547792C005B0780 /* MatchView.swift in Sources */ = {isa = PBXBuildFile; fileRef = D657841E2547792C005B0780 /* MatchView.swift */; };
		D65784262547850E005B0780 /* SendMessageButton.swift in Sources */ = {isa = PBXBuildFile; fileRef = D65784252547850E005B0780 /* SendMessageButton.swift */; };
		D657842925479212005B0780 /* KeepSwipingButton.swift in Sources */ = {isa = PBXBuildFile; fileRef = D657842825479212005B0780 /* KeepSwipingButton.swift */; };
		D658FFCB2508619300128FA2 /* User.swift in Sources */ = {isa = PBXBuildFile; fileRef = D658FFCA2508619300128FA2 /* User.swift */; };
		D658FFCF250868ED00128FA2 /* CardViewModel.swift in Sources */ = {isa = PBXBuildFile; fileRef = D658FFCE250868ED00128FA2 /* CardViewModel.swift */; };
		D658FFD1250954AF00128FA2 /* Advertiser.swift in Sources */ = {isa = PBXBuildFile; fileRef = D658FFD0250954AF00128FA2 /* Advertiser.swift */; };
		D68D0D33251C391C009E2374 /* GoogleService-Info.plist in Resources */ = {isa = PBXBuildFile; fileRef = D68D0D32251C391C009E2374 /* GoogleService-Info.plist */; };
		D6CC6C922541374500FC6242 /* SettingsController.swift in Sources */ = {isa = PBXBuildFile; fileRef = D6CC6C912541374500FC6242 /* SettingsController.swift */; };
		D6CC6C992541375B00FC6242 /* HomeController.swift in Sources */ = {isa = PBXBuildFile; fileRef = D6CC6C952541375900FC6242 /* HomeController.swift */; };
		D6CC6C9A2541375B00FC6242 /* RegistrationController.swift in Sources */ = {isa = PBXBuildFile; fileRef = D6CC6C962541375900FC6242 /* RegistrationController.swift */; };
		D6CC6C9B2541375B00FC6242 /* Bindable.swift in Sources */ = {isa = PBXBuildFile; fileRef = D6CC6C972541375A00FC6242 /* Bindable.swift */; };
		D6CC6C9C2541375B00FC6242 /* RegistrationViewModel.swift in Sources */ = {isa = PBXBuildFile; fileRef = D6CC6C982541375B00FC6242 /* RegistrationViewModel.swift */; };
		D6CC6CA52541378300FC6242 /* SettingsCell.swift in Sources */ = {isa = PBXBuildFile; fileRef = D6CC6C9F2541377E00FC6242 /* SettingsCell.swift */; };
		D6CC6CA62541378300FC6242 /* CustomTextField.swift in Sources */ = {isa = PBXBuildFile; fileRef = D6CC6CA02541377F00FC6242 /* CustomTextField.swift */; };
		D6CC6CA72541378300FC6242 /* HomeBottomControlsStackView.swift in Sources */ = {isa = PBXBuildFile; fileRef = D6CC6CA12541378000FC6242 /* HomeBottomControlsStackView.swift */; };
		D6CC6CA82541378300FC6242 /* CardView.swift in Sources */ = {isa = PBXBuildFile; fileRef = D6CC6CA22541378100FC6242 /* CardView.swift */; };
		D6CC6CA92541378300FC6242 /* TopNavigationStackView.swift in Sources */ = {isa = PBXBuildFile; fileRef = D6CC6CA32541378200FC6242 /* TopNavigationStackView.swift */; };
		D6CC6CAA2541378300FC6242 /* AgeRangeCell.swift in Sources */ = {isa = PBXBuildFile; fileRef = D6CC6CA42541378300FC6242 /* AgeRangeCell.swift */; };
		D6CC6CAD254137A300FC6242 /* Firebase+Utils.swift in Sources */ = {isa = PBXBuildFile; fileRef = D6CC6CAC254137A300FC6242 /* Firebase+Utils.swift */; };
		D6CC6CB225413E4D00FC6242 /* LoginViewModel.swift in Sources */ = {isa = PBXBuildFile; fileRef = D6CC6CB025413E4D00FC6242 /* LoginViewModel.swift */; };
		D6CC6CB325413E4D00FC6242 /* LoginController.swift in Sources */ = {isa = PBXBuildFile; fileRef = D6CC6CB125413E4D00FC6242 /* LoginController.swift */; };
		D6FAEC3225047C2A0060D5A0 /* AppDelegate.swift in Sources */ = {isa = PBXBuildFile; fileRef = D6FAEC3125047C2A0060D5A0 /* AppDelegate.swift */; };
		D6FAEC3425047C2A0060D5A0 /* SceneDelegate.swift in Sources */ = {isa = PBXBuildFile; fileRef = D6FAEC3325047C2A0060D5A0 /* SceneDelegate.swift */; };
		D6FAEC3825047C2B0060D5A0 /* Assets.xcassets in Resources */ = {isa = PBXBuildFile; fileRef = D6FAEC3725047C2B0060D5A0 /* Assets.xcassets */; };
		D6FAEC3E25047C2B0060D5A0 /* LaunchScreen.storyboard in Resources */ = {isa = PBXBuildFile; fileRef = D6FAEC3C25047C2B0060D5A0 /* LaunchScreen.storyboard */; };
		D6FAEC4925047E460060D5A0 /* Extensions+UIView.swift in Sources */ = {isa = PBXBuildFile; fileRef = D6FAEC4825047E460060D5A0 /* Extensions+UIView.swift */; };
/* End PBXBuildFile section */

/* Begin PBXFileReference section */
		35C3E373C5D000C24A70247C /* Pods-SwipeMatchFirestoreLBTA.release.xcconfig */ = {isa = PBXFileReference; includeInIndex = 1; lastKnownFileType = text.xcconfig; name = "Pods-SwipeMatchFirestoreLBTA.release.xcconfig"; path = "Target Support Files/Pods-SwipeMatchFirestoreLBTA/Pods-SwipeMatchFirestoreLBTA.release.xcconfig"; sourceTree = "<group>"; };
		6F3442769469697BFC25A8A1 /* Pods-SwipeMatchFirestoreLBTA.debug.xcconfig */ = {isa = PBXFileReference; includeInIndex = 1; lastKnownFileType = text.xcconfig; name = "Pods-SwipeMatchFirestoreLBTA.debug.xcconfig"; path = "Target Support Files/Pods-SwipeMatchFirestoreLBTA/Pods-SwipeMatchFirestoreLBTA.debug.xcconfig"; sourceTree = "<group>"; };
		BE14D167795933E7DD15ADDD /* Pods_SwipeMatchFirestoreLBTA.framework */ = {isa = PBXFileReference; explicitFileType = wrapper.framework; includeInIndex = 0; path = Pods_SwipeMatchFirestoreLBTA.framework; sourceTree = BUILT_PRODUCTS_DIR; };
		D6578417254242C2005B0780 /* UserDetailsController.swift */ = {isa = PBXFileReference; lastKnownFileType = sourcecode.swift; path = UserDetailsController.swift; sourceTree = "<group>"; };
		D657841B2543A04A005B0780 /* SwipingPhototsController.swift */ = {isa = PBXFileReference; lastKnownFileType = sourcecode.swift; path = SwipingPhototsController.swift; sourceTree = "<group>"; };
		D657841E2547792C005B0780 /* MatchView.swift */ = {isa = PBXFileReference; lastKnownFileType = sourcecode.swift; path = MatchView.swift; sourceTree = "<group>"; };
		D65784252547850E005B0780 /* SendMessageButton.swift */ = {isa = PBXFileReference; lastKnownFileType = sourcecode.swift; path = SendMessageButton.swift; sourceTree = "<group>"; };
		D657842825479212005B0780 /* KeepSwipingButton.swift */ = {isa = PBXFileReference; lastKnownFileType = sourcecode.swift; path = KeepSwipingButton.swift; sourceTree = "<group>"; };
		D658FFCA2508619300128FA2 /* User.swift */ = {isa = PBXFileReference; lastKnownFileType = sourcecode.swift; path = User.swift; sourceTree = "<group>"; };
		D658FFCE250868ED00128FA2 /* CardViewModel.swift */ = {isa = PBXFileReference; lastKnownFileType = sourcecode.swift; path = CardViewModel.swift; sourceTree = "<group>"; };
		D658FFD0250954AF00128FA2 /* Advertiser.swift */ = {isa = PBXFileReference; lastKnownFileType = sourcecode.swift; path = Advertiser.swift; sourceTree = "<group>"; };
		D65AC4512513F2AB00E4F758 /* SwipeMatchFirestoreLBTA.entitlements */ = {isa = PBXFileReference; lastKnownFileType = text.plist.entitlements; path = SwipeMatchFirestoreLBTA.entitlements; sourceTree = "<group>"; };
		D68D0D32251C391C009E2374 /* GoogleService-Info.plist */ = {isa = PBXFileReference; fileEncoding = 4; lastKnownFileType = text.plist.xml; path = "GoogleService-Info.plist"; sourceTree = "<group>"; };
		D6CC6C912541374500FC6242 /* SettingsController.swift */ = {isa = PBXFileReference; fileEncoding = 4; lastKnownFileType = sourcecode.swift; path = SettingsController.swift; sourceTree = "<group>"; };
		D6CC6C952541375900FC6242 /* HomeController.swift */ = {isa = PBXFileReference; fileEncoding = 4; lastKnownFileType = sourcecode.swift; path = HomeController.swift; sourceTree = "<group>"; };
		D6CC6C962541375900FC6242 /* RegistrationController.swift */ = {isa = PBXFileReference; fileEncoding = 4; lastKnownFileType = sourcecode.swift; path = RegistrationController.swift; sourceTree = "<group>"; };
		D6CC6C972541375A00FC6242 /* Bindable.swift */ = {isa = PBXFileReference; fileEncoding = 4; lastKnownFileType = sourcecode.swift; path = Bindable.swift; sourceTree = "<group>"; };
		D6CC6C982541375B00FC6242 /* RegistrationViewModel.swift */ = {isa = PBXFileReference; fileEncoding = 4; lastKnownFileType = sourcecode.swift; path = RegistrationViewModel.swift; sourceTree = "<group>"; };
		D6CC6C9F2541377E00FC6242 /* SettingsCell.swift */ = {isa = PBXFileReference; fileEncoding = 4; lastKnownFileType = sourcecode.swift; path = SettingsCell.swift; sourceTree = "<group>"; };
		D6CC6CA02541377F00FC6242 /* CustomTextField.swift */ = {isa = PBXFileReference; fileEncoding = 4; lastKnownFileType = sourcecode.swift; path = CustomTextField.swift; sourceTree = "<group>"; };
		D6CC6CA12541378000FC6242 /* HomeBottomControlsStackView.swift */ = {isa = PBXFileReference; fileEncoding = 4; lastKnownFileType = sourcecode.swift; path = HomeBottomControlsStackView.swift; sourceTree = "<group>"; };
		D6CC6CA22541378100FC6242 /* CardView.swift */ = {isa = PBXFileReference; fileEncoding = 4; lastKnownFileType = sourcecode.swift; path = CardView.swift; sourceTree = "<group>"; };
		D6CC6CA32541378200FC6242 /* TopNavigationStackView.swift */ = {isa = PBXFileReference; fileEncoding = 4; lastKnownFileType = sourcecode.swift; path = TopNavigationStackView.swift; sourceTree = "<group>"; };
		D6CC6CA42541378300FC6242 /* AgeRangeCell.swift */ = {isa = PBXFileReference; fileEncoding = 4; lastKnownFileType = sourcecode.swift; path = AgeRangeCell.swift; sourceTree = "<group>"; };
		D6CC6CAC254137A300FC6242 /* Firebase+Utils.swift */ = {isa = PBXFileReference; fileEncoding = 4; lastKnownFileType = sourcecode.swift; path = "Firebase+Utils.swift"; sourceTree = "<group>"; };
		D6CC6CB025413E4D00FC6242 /* LoginViewModel.swift */ = {isa = PBXFileReference; fileEncoding = 4; lastKnownFileType = sourcecode.swift; path = LoginViewModel.swift; sourceTree = "<group>"; };
		D6CC6CB125413E4D00FC6242 /* LoginController.swift */ = {isa = PBXFileReference; fileEncoding = 4; lastKnownFileType = sourcecode.swift; path = LoginController.swift; sourceTree = "<group>"; };
		D6FAEC2E25047C2A0060D5A0 /* SwipeMatchFirestoreLBTA.app */ = {isa = PBXFileReference; explicitFileType = wrapper.application; includeInIndex = 0; path = SwipeMatchFirestoreLBTA.app; sourceTree = BUILT_PRODUCTS_DIR; };
		D6FAEC3125047C2A0060D5A0 /* AppDelegate.swift */ = {isa = PBXFileReference; lastKnownFileType = sourcecode.swift; path = AppDelegate.swift; sourceTree = "<group>"; };
		D6FAEC3325047C2A0060D5A0 /* SceneDelegate.swift */ = {isa = PBXFileReference; lastKnownFileType = sourcecode.swift; path = SceneDelegate.swift; sourceTree = "<group>"; };
		D6FAEC3725047C2B0060D5A0 /* Assets.xcassets */ = {isa = PBXFileReference; lastKnownFileType = folder.assetcatalog; path = Assets.xcassets; sourceTree = "<group>"; };
		D6FAEC3D25047C2B0060D5A0 /* Base */ = {isa = PBXFileReference; lastKnownFileType = file.storyboard; name = Base; path = Base.lproj/LaunchScreen.storyboard; sourceTree = "<group>"; };
		D6FAEC3F25047C2B0060D5A0 /* Info.plist */ = {isa = PBXFileReference; lastKnownFileType = text.plist.xml; path = Info.plist; sourceTree = "<group>"; };
		D6FAEC4825047E460060D5A0 /* Extensions+UIView.swift */ = {isa = PBXFileReference; fileEncoding = 4; lastKnownFileType = sourcecode.swift; path = "Extensions+UIView.swift"; sourceTree = "<group>"; };
/* End PBXFileReference section */

/* Begin PBXFrameworksBuildPhase section */
		D6FAEC2B25047C2A0060D5A0 /* Frameworks */ = {
			isa = PBXFrameworksBuildPhase;
			buildActionMask = 2147483647;
			files = (
				35DF064258120E8286B983D8 /* Pods_SwipeMatchFirestoreLBTA.framework in Frameworks */,
			);
			runOnlyForDeploymentPostprocessing = 0;
		};
/* End PBXFrameworksBuildPhase section */

/* Begin PBXGroup section */
		109B577B8200F8426E970FA2 /* Frameworks */ = {
			isa = PBXGroup;
			children = (
				BE14D167795933E7DD15ADDD /* Pods_SwipeMatchFirestoreLBTA.framework */,
			);
			name = Frameworks;
			sourceTree = "<group>";
		};
		D6578416254242A4005B0780 /* User Details */ = {
			isa = PBXGroup;
			children = (
				D6578417254242C2005B0780 /* UserDetailsController.swift */,
				D657841B2543A04A005B0780 /* SwipingPhototsController.swift */,
			);
			path = "User Details";
			sourceTree = "<group>";
		};
		D658FFC92508618800128FA2 /* Model */ = {
			isa = PBXGroup;
			children = (
				D658FFCA2508619300128FA2 /* User.swift */,
				D658FFD0250954AF00128FA2 /* Advertiser.swift */,
			);
			path = Model;
			sourceTree = "<group>";
		};
		D658FFCC2508685100128FA2 /* Controllers */ = {
			isa = PBXGroup;
			children = (
				D6578416254242A4005B0780 /* User Details */,
				D6CC6CAF25413E2A00FC6242 /* Login */,
				D6CC6C912541374500FC6242 /* SettingsController.swift */,
				D6CC6C972541375A00FC6242 /* Bindable.swift */,
				D6CC6C952541375900FC6242 /* HomeController.swift */,
				D6CC6C962541375900FC6242 /* RegistrationController.swift */,
				D6CC6C982541375B00FC6242 /* RegistrationViewModel.swift */,
			);
			path = Controllers;
			sourceTree = "<group>";
		};
		D658FFCD250868E200128FA2 /* ViewModels */ = {
			isa = PBXGroup;
			children = (
				D658FFCE250868ED00128FA2 /* CardViewModel.swift */,
			);
			path = ViewModels;
			sourceTree = "<group>";
		};
		D6CC6CAF25413E2A00FC6242 /* Login */ = {
			isa = PBXGroup;
			children = (
				D6CC6CB125413E4D00FC6242 /* LoginController.swift */,
				D6CC6CB025413E4D00FC6242 /* LoginViewModel.swift */,
			);
			path = Login;
			sourceTree = "<group>";
		};
		D6FAEC2525047C2A0060D5A0 = {
			isa = PBXGroup;
			children = (
				D6FAEC3025047C2A0060D5A0 /* SwipeMatchFirestoreLBTA */,
				D6FAEC2F25047C2A0060D5A0 /* Products */,
				DF8A51B82A54796B04FDEF01 /* Pods */,
				109B577B8200F8426E970FA2 /* Frameworks */,
			);
			sourceTree = "<group>";
		};
		D6FAEC2F25047C2A0060D5A0 /* Products */ = {
			isa = PBXGroup;
			children = (
				D6FAEC2E25047C2A0060D5A0 /* SwipeMatchFirestoreLBTA.app */,
			);
			name = Products;
			sourceTree = "<group>";
		};
		D6FAEC3025047C2A0060D5A0 /* SwipeMatchFirestoreLBTA */ = {
			isa = PBXGroup;
			children = (
				D65AC4512513F2AB00E4F758 /* SwipeMatchFirestoreLBTA.entitlements */,
				D658FFCD250868E200128FA2 /* ViewModels */,
				D658FFCC2508685100128FA2 /* Controllers */,
				D658FFC92508618800128FA2 /* Model */,
				D6FAEC4B2505DD650060D5A0 /* Views */,
				D6FAEC4725047E260060D5A0 /* Extensions */,
				D6FAEC3125047C2A0060D5A0 /* AppDelegate.swift */,
				D6FAEC3325047C2A0060D5A0 /* SceneDelegate.swift */,
				D6FAEC4A2505AF3A0060D5A0 /* Preview Content */,
				D6FAEC3725047C2B0060D5A0 /* Assets.xcassets */,
				D6FAEC3C25047C2B0060D5A0 /* LaunchScreen.storyboard */,
				D6FAEC3F25047C2B0060D5A0 /* Info.plist */,
				D68D0D32251C391C009E2374 /* GoogleService-Info.plist */,
			);
			path = SwipeMatchFirestoreLBTA;
			sourceTree = "<group>";
		};
		D6FAEC4725047E260060D5A0 /* Extensions */ = {
			isa = PBXGroup;
			children = (
				D6CC6CAC254137A300FC6242 /* Firebase+Utils.swift */,
				D6FAEC4825047E460060D5A0 /* Extensions+UIView.swift */,
			);
			path = Extensions;
			sourceTree = "<group>";
		};
		D6FAEC4A2505AF3A0060D5A0 /* Preview Content */ = {
			isa = PBXGroup;
			children = (
			);
			path = "Preview Content";
			sourceTree = "<group>";
		};
		D6FAEC4B2505DD650060D5A0 /* Views */ = {
			isa = PBXGroup;
			children = (
				D6CC6CA42541378300FC6242 /* AgeRangeCell.swift */,
				D6CC6CA22541378100FC6242 /* CardView.swift */,
				D6CC6CA02541377F00FC6242 /* CustomTextField.swift */,
				D6CC6CA12541378000FC6242 /* HomeBottomControlsStackView.swift */,
				D6CC6C9F2541377E00FC6242 /* SettingsCell.swift */,
				D6CC6CA32541378200FC6242 /* TopNavigationStackView.swift */,
				D657841E2547792C005B0780 /* MatchView.swift */,
				D65784252547850E005B0780 /* SendMessageButton.swift */,
				D657842825479212005B0780 /* KeepSwipingButton.swift */,
			);
			path = Views;
			sourceTree = "<group>";
		};
		DF8A51B82A54796B04FDEF01 /* Pods */ = {
			isa = PBXGroup;
			children = (
				6F3442769469697BFC25A8A1 /* Pods-SwipeMatchFirestoreLBTA.debug.xcconfig */,
				35C3E373C5D000C24A70247C /* Pods-SwipeMatchFirestoreLBTA.release.xcconfig */,
			);
			path = Pods;
			sourceTree = "<group>";
		};
/* End PBXGroup section */

/* Begin PBXNativeTarget section */
		D6FAEC2D25047C2A0060D5A0 /* SwipeMatchFirestoreLBTA */ = {
			isa = PBXNativeTarget;
			buildConfigurationList = D6FAEC4225047C2B0060D5A0 /* Build configuration list for PBXNativeTarget "SwipeMatchFirestoreLBTA" */;
			buildPhases = (
				EC02E243A95F1F72AC377C17 /* [CP] Check Pods Manifest.lock */,
				D6FAEC2A25047C2A0060D5A0 /* Sources */,
				D6FAEC2B25047C2A0060D5A0 /* Frameworks */,
				D6FAEC2C25047C2A0060D5A0 /* Resources */,
				C7A55E3B2BBE4C181FB4DFAC /* [CP] Embed Pods Frameworks */,
			);
			buildRules = (
			);
			dependencies = (
			);
			name = SwipeMatchFirestoreLBTA;
			productName = SwipeMatchFirestoreLBTA;
			productReference = D6FAEC2E25047C2A0060D5A0 /* SwipeMatchFirestoreLBTA.app */;
			productType = "com.apple.product-type.application";
		};
/* End PBXNativeTarget section */

/* Begin PBXProject section */
		D6FAEC2625047C2A0060D5A0 /* Project object */ = {
			isa = PBXProject;
			attributes = {
				KnownAssetTags = (
					New,
				);
				LastSwiftUpdateCheck = 1170;
				LastUpgradeCheck = 1170;
				ORGANIZATIONNAME = "Cole Riggle";
				TargetAttributes = {
					D6FAEC2D25047C2A0060D5A0 = {
						CreatedOnToolsVersion = 11.7;
					};
				};
			};
			buildConfigurationList = D6FAEC2925047C2A0060D5A0 /* Build configuration list for PBXProject "SwipeMatchFirestoreLBTA" */;
			compatibilityVersion = "Xcode 9.3";
			developmentRegion = en;
			hasScannedForEncodings = 0;
			knownRegions = (
				en,
				Base,
			);
			mainGroup = D6FAEC2525047C2A0060D5A0;
			productRefGroup = D6FAEC2F25047C2A0060D5A0 /* Products */;
			projectDirPath = "";
			projectRoot = "";
			targets = (
				D6FAEC2D25047C2A0060D5A0 /* SwipeMatchFirestoreLBTA */,
			);
		};
/* End PBXProject section */

/* Begin PBXResourcesBuildPhase section */
		D6FAEC2C25047C2A0060D5A0 /* Resources */ = {
			isa = PBXResourcesBuildPhase;
			buildActionMask = 2147483647;
			files = (
				D6FAEC3E25047C2B0060D5A0 /* LaunchScreen.storyboard in Resources */,
				D6FAEC3825047C2B0060D5A0 /* Assets.xcassets in Resources */,
				D68D0D33251C391C009E2374 /* GoogleService-Info.plist in Resources */,
			);
			runOnlyForDeploymentPostprocessing = 0;
		};
/* End PBXResourcesBuildPhase section */

/* Begin PBXShellScriptBuildPhase section */
		C7A55E3B2BBE4C181FB4DFAC /* [CP] Embed Pods Frameworks */ = {
			isa = PBXShellScriptBuildPhase;
			buildActionMask = 2147483647;
			files = (
			);
			inputFileListPaths = (
				"${PODS_ROOT}/Target Support Files/Pods-SwipeMatchFirestoreLBTA/Pods-SwipeMatchFirestoreLBTA-frameworks-${CONFIGURATION}-input-files.xcfilelist",
			);
			name = "[CP] Embed Pods Frameworks";
			outputFileListPaths = (
				"${PODS_ROOT}/Target Support Files/Pods-SwipeMatchFirestoreLBTA/Pods-SwipeMatchFirestoreLBTA-frameworks-${CONFIGURATION}-output-files.xcfilelist",
			);
			runOnlyForDeploymentPostprocessing = 0;
			shellPath = /bin/sh;
			shellScript = "\"${PODS_ROOT}/Target Support Files/Pods-SwipeMatchFirestoreLBTA/Pods-SwipeMatchFirestoreLBTA-frameworks.sh\"\n";
			showEnvVarsInLog = 0;
		};
		EC02E243A95F1F72AC377C17 /* [CP] Check Pods Manifest.lock */ = {
			isa = PBXShellScriptBuildPhase;
			buildActionMask = 2147483647;
			files = (
			);
			inputFileListPaths = (
			);
			inputPaths = (
				"${PODS_PODFILE_DIR_PATH}/Podfile.lock",
				"${PODS_ROOT}/Manifest.lock",
			);
			name = "[CP] Check Pods Manifest.lock";
			outputFileListPaths = (
			);
			outputPaths = (
				"$(DERIVED_FILE_DIR)/Pods-SwipeMatchFirestoreLBTA-checkManifestLockResult.txt",
			);
			runOnlyForDeploymentPostprocessing = 0;
			shellPath = /bin/sh;
			shellScript = "diff \"${PODS_PODFILE_DIR_PATH}/Podfile.lock\" \"${PODS_ROOT}/Manifest.lock\" > /dev/null\nif [ $? != 0 ] ; then\n    # print error to STDERR\n    echo \"error: The sandbox is not in sync with the Podfile.lock. Run 'pod install' or update your CocoaPods installation.\" >&2\n    exit 1\nfi\n# This output is used by Xcode 'outputs' to avoid re-running this script phase.\necho \"SUCCESS\" > \"${SCRIPT_OUTPUT_FILE_0}\"\n";
			showEnvVarsInLog = 0;
		};
/* End PBXShellScriptBuildPhase section */

/* Begin PBXSourcesBuildPhase section */
		D6FAEC2A25047C2A0060D5A0 /* Sources */ = {
			isa = PBXSourcesBuildPhase;
			buildActionMask = 2147483647;
			files = (
				D6CC6CAD254137A300FC6242 /* Firebase+Utils.swift in Sources */,
				D6CC6CA62541378300FC6242 /* CustomTextField.swift in Sources */,
				D6CC6CA72541378300FC6242 /* HomeBottomControlsStackView.swift in Sources */,
				D658FFD1250954AF00128FA2 /* Advertiser.swift in Sources */,
				D6CC6C9C2541375B00FC6242 /* RegistrationViewModel.swift in Sources */,
				D6CC6CA82541378300FC6242 /* CardView.swift in Sources */,
				D6CC6CAA2541378300FC6242 /* AgeRangeCell.swift in Sources */,
				D6578418254242C2005B0780 /* UserDetailsController.swift in Sources */,
				D657842925479212005B0780 /* KeepSwipingButton.swift in Sources */,
				D657841F2547792C005B0780 /* MatchView.swift in Sources */,
				D6CC6CA52541378300FC6242 /* SettingsCell.swift in Sources */,
				D6CC6C992541375B00FC6242 /* HomeController.swift in Sources */,
				D6CC6CB325413E4D00FC6242 /* LoginController.swift in Sources */,
				D658FFCF250868ED00128FA2 /* CardViewModel.swift in Sources */,
				D6CC6C922541374500FC6242 /* SettingsController.swift in Sources */,
				D6FAEC3225047C2A0060D5A0 /* AppDelegate.swift in Sources */,
				D658FFCB2508619300128FA2 /* User.swift in Sources */,
				D6CC6CA92541378300FC6242 /* TopNavigationStackView.swift in Sources */,
				D6CC6C9B2541375B00FC6242 /* Bindable.swift in Sources */,
				D6FAEC4925047E460060D5A0 /* Extensions+UIView.swift in Sources */,
				D6CC6C9A2541375B00FC6242 /* RegistrationController.swift in Sources */,
				D6CC6CB225413E4D00FC6242 /* LoginViewModel.swift in Sources */,
				D65784262547850E005B0780 /* SendMessageButton.swift in Sources */,
				D6FAEC3425047C2A0060D5A0 /* SceneDelegate.swift in Sources */,
				D657841C2543A04A005B0780 /* SwipingPhototsController.swift in Sources */,
			);
			runOnlyForDeploymentPostprocessing = 0;
		};
/* End PBXSourcesBuildPhase section */

/* Begin PBXVariantGroup section */
		D6FAEC3C25047C2B0060D5A0 /* LaunchScreen.storyboard */ = {
			isa = PBXVariantGroup;
			children = (
				D6FAEC3D25047C2B0060D5A0 /* Base */,
			);
			name = LaunchScreen.storyboard;
			sourceTree = "<group>";
		};
/* End PBXVariantGroup section */

/* Begin XCBuildConfiguration section */
		D6FAEC4025047C2B0060D5A0 /* Debug */ = {
			isa = XCBuildConfiguration;
			buildSettings = {
				ALWAYS_SEARCH_USER_PATHS = NO;
				CLANG_ANALYZER_NONNULL = YES;
				CLANG_ANALYZER_NUMBER_OBJECT_CONVERSION = YES_AGGRESSIVE;
				CLANG_CXX_LANGUAGE_STANDARD = "gnu++14";
				CLANG_CXX_LIBRARY = "libc++";
				CLANG_ENABLE_MODULES = YES;
				CLANG_ENABLE_OBJC_ARC = YES;
				CLANG_ENABLE_OBJC_WEAK = YES;
				CLANG_WARN_BLOCK_CAPTURE_AUTORELEASING = YES;
				CLANG_WARN_BOOL_CONVERSION = YES;
				CLANG_WARN_COMMA = YES;
				CLANG_WARN_CONSTANT_CONVERSION = YES;
				CLANG_WARN_DEPRECATED_OBJC_IMPLEMENTATIONS = YES;
				CLANG_WARN_DIRECT_OBJC_ISA_USAGE = YES_ERROR;
				CLANG_WARN_DOCUMENTATION_COMMENTS = YES;
				CLANG_WARN_EMPTY_BODY = YES;
				CLANG_WARN_ENUM_CONVERSION = YES;
				CLANG_WARN_INFINITE_RECURSION = YES;
				CLANG_WARN_INT_CONVERSION = YES;
				CLANG_WARN_NON_LITERAL_NULL_CONVERSION = YES;
				CLANG_WARN_OBJC_IMPLICIT_RETAIN_SELF = YES;
				CLANG_WARN_OBJC_LITERAL_CONVERSION = YES;
				CLANG_WARN_OBJC_ROOT_CLASS = YES_ERROR;
				CLANG_WARN_RANGE_LOOP_ANALYSIS = YES;
				CLANG_WARN_STRICT_PROTOTYPES = YES;
				CLANG_WARN_SUSPICIOUS_MOVE = YES;
				CLANG_WARN_UNGUARDED_AVAILABILITY = YES_AGGRESSIVE;
				CLANG_WARN_UNREACHABLE_CODE = YES;
				CLANG_WARN__DUPLICATE_METHOD_MATCH = YES;
				COPY_PHASE_STRIP = NO;
				DEBUG_INFORMATION_FORMAT = dwarf;
				ENABLE_STRICT_OBJC_MSGSEND = YES;
				ENABLE_TESTABILITY = YES;
				GCC_C_LANGUAGE_STANDARD = gnu11;
				GCC_DYNAMIC_NO_PIC = NO;
				GCC_NO_COMMON_BLOCKS = YES;
				GCC_OPTIMIZATION_LEVEL = 0;
				GCC_PREPROCESSOR_DEFINITIONS = (
					"DEBUG=1",
					"$(inherited)",
				);
				GCC_WARN_64_TO_32_BIT_CONVERSION = YES;
				GCC_WARN_ABOUT_RETURN_TYPE = YES_ERROR;
				GCC_WARN_UNDECLARED_SELECTOR = YES;
				GCC_WARN_UNINITIALIZED_AUTOS = YES_AGGRESSIVE;
				GCC_WARN_UNUSED_FUNCTION = YES;
				GCC_WARN_UNUSED_VARIABLE = YES;
				IPHONEOS_DEPLOYMENT_TARGET = 13.7;
				MTL_ENABLE_DEBUG_INFO = INCLUDE_SOURCE;
				MTL_FAST_MATH = YES;
				ONLY_ACTIVE_ARCH = YES;
				SDKROOT = iphoneos;
				SWIFT_ACTIVE_COMPILATION_CONDITIONS = DEBUG;
				SWIFT_OPTIMIZATION_LEVEL = "-Onone";
			};
			name = Debug;
		};
		D6FAEC4125047C2B0060D5A0 /* Release */ = {
			isa = XCBuildConfiguration;
			buildSettings = {
				ALWAYS_SEARCH_USER_PATHS = NO;
				CLANG_ANALYZER_NONNULL = YES;
				CLANG_ANALYZER_NUMBER_OBJECT_CONVERSION = YES_AGGRESSIVE;
				CLANG_CXX_LANGUAGE_STANDARD = "gnu++14";
				CLANG_CXX_LIBRARY = "libc++";
				CLANG_ENABLE_MODULES = YES;
				CLANG_ENABLE_OBJC_ARC = YES;
				CLANG_ENABLE_OBJC_WEAK = YES;
				CLANG_WARN_BLOCK_CAPTURE_AUTORELEASING = YES;
				CLANG_WARN_BOOL_CONVERSION = YES;
				CLANG_WARN_COMMA = YES;
				CLANG_WARN_CONSTANT_CONVERSION = YES;
				CLANG_WARN_DEPRECATED_OBJC_IMPLEMENTATIONS = YES;
				CLANG_WARN_DIRECT_OBJC_ISA_USAGE = YES_ERROR;
				CLANG_WARN_DOCUMENTATION_COMMENTS = YES;
				CLANG_WARN_EMPTY_BODY = YES;
				CLANG_WARN_ENUM_CONVERSION = YES;
				CLANG_WARN_INFINITE_RECURSION = YES;
				CLANG_WARN_INT_CONVERSION = YES;
				CLANG_WARN_NON_LITERAL_NULL_CONVERSION = YES;
				CLANG_WARN_OBJC_IMPLICIT_RETAIN_SELF = YES;
				CLANG_WARN_OBJC_LITERAL_CONVERSION = YES;
				CLANG_WARN_OBJC_ROOT_CLASS = YES_ERROR;
				CLANG_WARN_RANGE_LOOP_ANALYSIS = YES;
				CLANG_WARN_STRICT_PROTOTYPES = YES;
				CLANG_WARN_SUSPICIOUS_MOVE = YES;
				CLANG_WARN_UNGUARDED_AVAILABILITY = YES_AGGRESSIVE;
				CLANG_WARN_UNREACHABLE_CODE = YES;
				CLANG_WARN__DUPLICATE_METHOD_MATCH = YES;
				COPY_PHASE_STRIP = NO;
				DEBUG_INFORMATION_FORMAT = "dwarf-with-dsym";
				ENABLE_NS_ASSERTIONS = NO;
				ENABLE_STRICT_OBJC_MSGSEND = YES;
				GCC_C_LANGUAGE_STANDARD = gnu11;
				GCC_NO_COMMON_BLOCKS = YES;
				GCC_WARN_64_TO_32_BIT_CONVERSION = YES;
				GCC_WARN_ABOUT_RETURN_TYPE = YES_ERROR;
				GCC_WARN_UNDECLARED_SELECTOR = YES;
				GCC_WARN_UNINITIALIZED_AUTOS = YES_AGGRESSIVE;
				GCC_WARN_UNUSED_FUNCTION = YES;
				GCC_WARN_UNUSED_VARIABLE = YES;
				IPHONEOS_DEPLOYMENT_TARGET = 13.7;
				MTL_ENABLE_DEBUG_INFO = NO;
				MTL_FAST_MATH = YES;
				SDKROOT = iphoneos;
				SWIFT_COMPILATION_MODE = wholemodule;
				SWIFT_OPTIMIZATION_LEVEL = "-O";
				VALIDATE_PRODUCT = YES;
			};
			name = Release;
		};
		D6FAEC4325047C2B0060D5A0 /* Debug */ = {
			isa = XCBuildConfiguration;
			baseConfigurationReference = 6F3442769469697BFC25A8A1 /* Pods-SwipeMatchFirestoreLBTA.debug.xcconfig */;
			buildSettings = {
				ASSETCATALOG_COMPILER_APPICON_NAME = AppIcon;
				CODE_SIGN_ENTITLEMENTS = SwipeMatchFirestoreLBTA/SwipeMatchFirestoreLBTA.entitlements;
				CODE_SIGN_STYLE = Automatic;
				DEVELOPMENT_ASSET_PATHS = "\"SwipeMatchFirestoreLBTA/Preview Content\"";
				DEVELOPMENT_TEAM = 4SPAE5RMML;
				ENABLE_PREVIEWS = NO;
				INFOPLIST_FILE = SwipeMatchFirestoreLBTA/Info.plist;
				LD_RUNPATH_SEARCH_PATHS = (
					"$(inherited)",
					"@executable_path/Frameworks",
				);
				PRODUCT_BUNDLE_IDENTIFIER = com.coleriggle.SwipeMatchFirestoreLBTA;
				PRODUCT_NAME = "$(TARGET_NAME)";
				SWIFT_VERSION = 5.0;
				TARGETED_DEVICE_FAMILY = "1,2";
			};
			name = Debug;
		};
		D6FAEC4425047C2B0060D5A0 /* Release */ = {
			isa = XCBuildConfiguration;
			baseConfigurationReference = 35C3E373C5D000C24A70247C /* Pods-SwipeMatchFirestoreLBTA.release.xcconfig */;
			buildSettings = {
				ASSETCATALOG_COMPILER_APPICON_NAME = AppIcon;
				CODE_SIGN_ENTITLEMENTS = SwipeMatchFirestoreLBTA/SwipeMatchFirestoreLBTA.entitlements;
				CODE_SIGN_STYLE = Automatic;
				DEVELOPMENT_ASSET_PATHS = "\"SwipeMatchFirestoreLBTA/Preview Content\"";
				DEVELOPMENT_TEAM = 4SPAE5RMML;
				ENABLE_PREVIEWS = NO;
				INFOPLIST_FILE = SwipeMatchFirestoreLBTA/Info.plist;
				LD_RUNPATH_SEARCH_PATHS = (
					"$(inherited)",
					"@executable_path/Frameworks",
				);
				PRODUCT_BUNDLE_IDENTIFIER = com.coleriggle.SwipeMatchFirestoreLBTA;
				PRODUCT_NAME = "$(TARGET_NAME)";
				SWIFT_VERSION = 5.0;
				TARGETED_DEVICE_FAMILY = "1,2";
			};
			name = Release;
		};
/* End XCBuildConfiguration section */

/* Begin XCConfigurationList section */
		D6FAEC2925047C2A0060D5A0 /* Build configuration list for PBXProject "SwipeMatchFirestoreLBTA" */ = {
			isa = XCConfigurationList;
			buildConfigurations = (
				D6FAEC4025047C2B0060D5A0 /* Debug */,
				D6FAEC4125047C2B0060D5A0 /* Release */,
			);
			defaultConfigurationIsVisible = 0;
			defaultConfigurationName = Release;
		};
		D6FAEC4225047C2B0060D5A0 /* Build configuration list for PBXNativeTarget "SwipeMatchFirestoreLBTA" */ = {
			isa = XCConfigurationList;
			buildConfigurations = (
				D6FAEC4325047C2B0060D5A0 /* Debug */,
				D6FAEC4425047C2B0060D5A0 /* Release */,
			);
			defaultConfigurationIsVisible = 0;
			defaultConfigurationName = Release;
		};
/* End XCConfigurationList section */
	};
	rootObject = D6FAEC2625047C2A0060D5A0 /* Project object */;
}
